
Microsoft Visual Studio Solution File, Format Version 12.00
# Visual Studio Version 17
VisualStudioVersion = 17.11.35312.102
MinimumVisualStudioVersion = 10.0.40219.1
Project("{FAE04EC0-301F-11D3-BF4B-00C04F79EFBC}") = "Сельскохозяйственные работы", "Сельскохозяйственные работы.csproj", "{B119498E-0EF1-4DA6-82CD-EBAE8926C41F}"
EndProject
Global
	GlobalSection(SolutionConfigurationPlatforms) = preSolution
		Debug|Any CPU = Debug|Any CPU
		Release|Any CPU = Release|Any CPU
	EndGlobalSection
	GlobalSection(ProjectConfigurationPlatforms) = postSolution
		{B119498E-0EF1-4DA6-82CD-EBAE8926C41F}.Debug|Any CPU.ActiveCfg = Debug|Any CPU
		{B119498E-0EF1-4DA6-82CD-EBAE8926C41F}.Debug|Any CPU.Build.0 = Debug|Any CPU
		{B119498E-0EF1-4DA6-82CD-EBAE8926C41F}.Release|Any CPU.ActiveCfg = Release|Any CPU
		{B119498E-0EF1-4DA6-82CD-EBAE8926C41F}.Release|Any CPU.Build.0 = Release|Any CPU
	EndGlobalSection
	GlobalSection(SolutionProperties) = preSolution
		HideSolutionNode = FALSE
	EndGlobalSection
	GlobalSection(ExtensibilityGlobals) = postSolution
		SolutionGuid = {06D37AFE-0E69-4F5A-B52D-18CE446F476A}
	EndGlobalSection
EndGlobal
